// !$*UTF8*$!
{
	archiveVersion = 1;
	classes = {
	};
	objectVersion = 55;
	objects = {

/* Begin PBXBuildFile section */
		E41327AC27BA4B5D001993E9 /* TrackMapView.swift in Sources */ = {isa = PBXBuildFile; fileRef = E41327AB27BA4B5D001993E9 /* TrackMapView.swift */; };
		E41327AE27BA4F8D001993E9 /* TrackStore.swift in Sources */ = {isa = PBXBuildFile; fileRef = E41327AD27BA4F8D001993E9 /* TrackStore.swift */; };
		E41327B227BA551E001993E9 /* SBPProcessing.swift in Sources */ = {isa = PBXBuildFile; fileRef = E41327B127BA551E001993E9 /* SBPProcessing.swift */; };
		E41327B427BA5C03001993E9 /* TracksListView.swift in Sources */ = {isa = PBXBuildFile; fileRef = E41327B327BA5C03001993E9 /* TracksListView.swift */; };
		E41327B627BA61B6001993E9 /* TabNavigationView.swift in Sources */ = {isa = PBXBuildFile; fileRef = E41327B527BA61B6001993E9 /* TabNavigationView.swift */; };
		E41327B827BA7026001993E9 /* TrackProcessing.swift in Sources */ = {isa = PBXBuildFile; fileRef = E41327B727BA7026001993E9 /* TrackProcessing.swift */; };
		E46FDD8F27BAB64B00ED2B47 /* MapListView.swift in Sources */ = {isa = PBXBuildFile; fileRef = E46FDD8E27BAB64B00ED2B47 /* MapListView.swift */; };
		E491350027B9B812007C5FA5 /* TrackDetailsView.swift in Sources */ = {isa = PBXBuildFile; fileRef = E49134FF27B9B812007C5FA5 /* TrackDetailsView.swift */; };
		E49CAFFF27B6E54400287F11 /* WindsurfLogsApp.swift in Sources */ = {isa = PBXBuildFile; fileRef = E49CAFFE27B6E54400287F11 /* WindsurfLogsApp.swift */; };
		E49CB00127B6E54400287F11 /* ContentView.swift in Sources */ = {isa = PBXBuildFile; fileRef = E49CB00027B6E54400287F11 /* ContentView.swift */; };
		E49CB00327B6E54400287F11 /* Assets.xcassets in Resources */ = {isa = PBXBuildFile; fileRef = E49CB00227B6E54400287F11 /* Assets.xcassets */; };
		E49CB00627B6E54400287F11 /* Preview Assets.xcassets in Resources */ = {isa = PBXBuildFile; fileRef = E49CB00527B6E54400287F11 /* Preview Assets.xcassets */; };
		E49CB00F27B6E73A00287F11 /* TrackRowView.swift in Sources */ = {isa = PBXBuildFile; fileRef = E49CB00E27B6E73A00287F11 /* TrackRowView.swift */; };
		E49CB01127B6E8EE00287F11 /* Track.swift in Sources */ = {isa = PBXBuildFile; fileRef = E49CB01027B6E8EE00287F11 /* Track.swift */; };
		E49CB01327B6E99C00287F11 /* SampleData.swift in Sources */ = {isa = PBXBuildFile; fileRef = E49CB01227B6E99C00287F11 /* SampleData.swift */; };
		E49CB01527B6EBD000287F11 /* Speed.swift in Sources */ = {isa = PBXBuildFile; fileRef = E49CB01427B6EBD000287F11 /* Speed.swift */; };
		E49CB01827B6EE5C00287F11 /* MiniMapView.swift in Sources */ = {isa = PBXBuildFile; fileRef = E49CB01727B6EE5C00287F11 /* MiniMapView.swift */; };
		E4F0A84927BBA578006C9F52 /* UIMapView.swift in Sources */ = {isa = PBXBuildFile; fileRef = E4F0A84827BBA578006C9F52 /* UIMapView.swift */; };
		E4F0A84B27BBB415006C9F52 /* TrackMapFullView.swift in Sources */ = {isa = PBXBuildFile; fileRef = E4F0A84A27BBB415006C9F52 /* TrackMapFullView.swift */; };
		E4F0A84D27BBDEB2006C9F52 /* SidebarNavigationView.swift in Sources */ = {isa = PBXBuildFile; fileRef = E4F0A84C27BBDEB2006C9F52 /* SidebarNavigationView.swift */; };
		E4F91A3327BAD74F00FD599A /* MapPinLocation.swift in Sources */ = {isa = PBXBuildFile; fileRef = E4F91A3227BAD74F00FD599A /* MapPinLocation.swift */; };
		E4F91A3527BB9A6600FD599A /* Extensions.swift in Sources */ = {isa = PBXBuildFile; fileRef = E4F91A3427BB9A6600FD599A /* Extensions.swift */; };
/* End PBXBuildFile section */

/* Begin PBXFileReference section */
		E41327AB27BA4B5D001993E9 /* TrackMapView.swift */ = {isa = PBXFileReference; lastKnownFileType = sourcecode.swift; path = TrackMapView.swift; sourceTree = "<group>"; };
		E41327AD27BA4F8D001993E9 /* TrackStore.swift */ = {isa = PBXFileReference; lastKnownFileType = sourcecode.swift; path = TrackStore.swift; sourceTree = "<group>"; };
		E41327B127BA551E001993E9 /* SBPProcessing.swift */ = {isa = PBXFileReference; lastKnownFileType = sourcecode.swift; path = SBPProcessing.swift; sourceTree = "<group>"; };
		E41327B327BA5C03001993E9 /* TracksListView.swift */ = {isa = PBXFileReference; lastKnownFileType = sourcecode.swift; path = TracksListView.swift; sourceTree = "<group>"; };
		E41327B527BA61B6001993E9 /* TabNavigationView.swift */ = {isa = PBXFileReference; lastKnownFileType = sourcecode.swift; path = TabNavigationView.swift; sourceTree = "<group>"; };
		E41327B727BA7026001993E9 /* TrackProcessing.swift */ = {isa = PBXFileReference; lastKnownFileType = sourcecode.swift; path = TrackProcessing.swift; sourceTree = "<group>"; };
		E41327B927BAAABC001993E9 /* .gitignore */ = {isa = PBXFileReference; lastKnownFileType = text; path = .gitignore; sourceTree = "<group>"; };
		E46FDD8E27BAB64B00ED2B47 /* MapListView.swift */ = {isa = PBXFileReference; lastKnownFileType = sourcecode.swift; path = MapListView.swift; sourceTree = "<group>"; };
		E49134FF27B9B812007C5FA5 /* TrackDetailsView.swift */ = {isa = PBXFileReference; lastKnownFileType = sourcecode.swift; path = TrackDetailsView.swift; sourceTree = "<group>"; };
		E49CAFFB27B6E54400287F11 /* WindsurfLogs.app */ = {isa = PBXFileReference; explicitFileType = wrapper.application; includeInIndex = 0; path = WindsurfLogs.app; sourceTree = BUILT_PRODUCTS_DIR; };
		E49CAFFE27B6E54400287F11 /* WindsurfLogsApp.swift */ = {isa = PBXFileReference; lastKnownFileType = sourcecode.swift; path = WindsurfLogsApp.swift; sourceTree = "<group>"; };
		E49CB00027B6E54400287F11 /* ContentView.swift */ = {isa = PBXFileReference; lastKnownFileType = sourcecode.swift; path = ContentView.swift; sourceTree = "<group>"; };
		E49CB00227B6E54400287F11 /* Assets.xcassets */ = {isa = PBXFileReference; lastKnownFileType = folder.assetcatalog; path = Assets.xcassets; sourceTree = "<group>"; };
		E49CB00527B6E54400287F11 /* Preview Assets.xcassets */ = {isa = PBXFileReference; lastKnownFileType = folder.assetcatalog; path = "Preview Assets.xcassets"; sourceTree = "<group>"; };
		E49CB00E27B6E73A00287F11 /* TrackRowView.swift */ = {isa = PBXFileReference; lastKnownFileType = sourcecode.swift; path = TrackRowView.swift; sourceTree = "<group>"; };
		E49CB01027B6E8EE00287F11 /* Track.swift */ = {isa = PBXFileReference; lastKnownFileType = sourcecode.swift; path = Track.swift; sourceTree = "<group>"; };
		E49CB01227B6E99C00287F11 /* SampleData.swift */ = {isa = PBXFileReference; lastKnownFileType = sourcecode.swift; path = SampleData.swift; sourceTree = "<group>"; };
		E49CB01427B6EBD000287F11 /* Speed.swift */ = {isa = PBXFileReference; lastKnownFileType = sourcecode.swift; path = Speed.swift; sourceTree = "<group>"; };
		E49CB01727B6EE5C00287F11 /* MiniMapView.swift */ = {isa = PBXFileReference; lastKnownFileType = sourcecode.swift; path = MiniMapView.swift; sourceTree = "<group>"; };
		E4A9830627B847BE00A63A8A /* Info.plist */ = {isa = PBXFileReference; lastKnownFileType = text.plist; path = Info.plist; sourceTree = "<group>"; };
		E4F0A84827BBA578006C9F52 /* UIMapView.swift */ = {isa = PBXFileReference; lastKnownFileType = sourcecode.swift; path = UIMapView.swift; sourceTree = "<group>"; };
		E4F0A84A27BBB415006C9F52 /* TrackMapFullView.swift */ = {isa = PBXFileReference; lastKnownFileType = sourcecode.swift; path = TrackMapFullView.swift; sourceTree = "<group>"; };
		E4F0A84C27BBDEB2006C9F52 /* SidebarNavigationView.swift */ = {isa = PBXFileReference; lastKnownFileType = sourcecode.swift; path = SidebarNavigationView.swift; sourceTree = "<group>"; };
		E4F0A84E27BBE6BD006C9F52 /* WindsurfLogs.entitlements */ = {isa = PBXFileReference; lastKnownFileType = text.plist.entitlements; path = WindsurfLogs.entitlements; sourceTree = "<group>"; };
		E4F91A3227BAD74F00FD599A /* MapPinLocation.swift */ = {isa = PBXFileReference; lastKnownFileType = sourcecode.swift; path = MapPinLocation.swift; sourceTree = "<group>"; };
		E4F91A3427BB9A6600FD599A /* Extensions.swift */ = {isa = PBXFileReference; lastKnownFileType = sourcecode.swift; path = Extensions.swift; sourceTree = "<group>"; };
/* End PBXFileReference section */

/* Begin PBXFrameworksBuildPhase section */
		E49CAFF827B6E54400287F11 /* Frameworks */ = {
			isa = PBXFrameworksBuildPhase;
			buildActionMask = 2147483647;
			files = (
			);
			runOnlyForDeploymentPostprocessing = 0;
		};
/* End PBXFrameworksBuildPhase section */

/* Begin PBXGroup section */
		E41327B027BA550C001993E9 /* Utils */ = {
			isa = PBXGroup;
			children = (
				E41327B127BA551E001993E9 /* SBPProcessing.swift */,
				E41327B727BA7026001993E9 /* TrackProcessing.swift */,
				E4F91A3427BB9A6600FD599A /* Extensions.swift */,
			);
			path = Utils;
			sourceTree = "<group>";
		};
		E49CAFF227B6E54400287F11 = {
			isa = PBXGroup;
			children = (
				E49CAFFD27B6E54400287F11 /* WindsurfLogs */,
				E49CB01227B6E99C00287F11 /* SampleData.swift */,
				E41327B927BAAABC001993E9 /* .gitignore */,
				E49CAFFC27B6E54400287F11 /* Products */,
			);
			sourceTree = "<group>";
		};
		E49CAFFC27B6E54400287F11 /* Products */ = {
			isa = PBXGroup;
			children = (
				E49CAFFB27B6E54400287F11 /* WindsurfLogs.app */,
			);
			name = Products;
			sourceTree = "<group>";
		};
		E49CAFFD27B6E54400287F11 /* WindsurfLogs */ = {
			isa = PBXGroup;
			children = (
				E4F0A84E27BBE6BD006C9F52 /* WindsurfLogs.entitlements */,
				E4A9830627B847BE00A63A8A /* Info.plist */,
				E49CAFFE27B6E54400287F11 /* WindsurfLogsApp.swift */,
				E49CB00027B6E54400287F11 /* ContentView.swift */,
				E49CB00227B6E54400287F11 /* Assets.xcassets */,
				E49CB00C27B6E6FD00287F11 /* Models */,
				E41327B027BA550C001993E9 /* Utils */,
				E49CB00D27B6E71800287F11 /* Views */,
				E49CB00427B6E54400287F11 /* Preview Content */,
			);
			path = WindsurfLogs;
			sourceTree = "<group>";
		};
		E49CB00427B6E54400287F11 /* Preview Content */ = {
			isa = PBXGroup;
			children = (
				E49CB00527B6E54400287F11 /* Preview Assets.xcassets */,
			);
			path = "Preview Content";
			sourceTree = "<group>";
		};
		E49CB00C27B6E6FD00287F11 /* Models */ = {
			isa = PBXGroup;
			children = (
				E49CB01027B6E8EE00287F11 /* Track.swift */,
				E49CB01427B6EBD000287F11 /* Speed.swift */,
				E41327AD27BA4F8D001993E9 /* TrackStore.swift */,
				E4F91A3227BAD74F00FD599A /* MapPinLocation.swift */,
			);
			path = Models;
			sourceTree = "<group>";
		};
		E49CB00D27B6E71800287F11 /* Views */ = {
			isa = PBXGroup;
			children = (
				E41327B527BA61B6001993E9 /* TabNavigationView.swift */,
				E4F0A84C27BBDEB2006C9F52 /* SidebarNavigationView.swift */,
				E41327B327BA5C03001993E9 /* TracksListView.swift */,
				E46FDD8E27BAB64B00ED2B47 /* MapListView.swift */,
				E49134FF27B9B812007C5FA5 /* TrackDetailsView.swift */,
				E4F0A84A27BBB415006C9F52 /* TrackMapFullView.swift */,
				E49CB00E27B6E73A00287F11 /* TrackRowView.swift */,
				E49CB01627B6EE5000287F11 /* Maps */,
			);
			path = Views;
			sourceTree = "<group>";
		};
		E49CB01627B6EE5000287F11 /* Maps */ = {
			isa = PBXGroup;
			children = (
				E4F0A84827BBA578006C9F52 /* UIMapView.swift */,
				E49CB01727B6EE5C00287F11 /* MiniMapView.swift */,
				E41327AB27BA4B5D001993E9 /* TrackMapView.swift */,
			);
			path = Maps;
			sourceTree = "<group>";
		};
/* End PBXGroup section */

/* Begin PBXNativeTarget section */
		E49CAFFA27B6E54400287F11 /* WindsurfLogs */ = {
			isa = PBXNativeTarget;
			buildConfigurationList = E49CB00927B6E54400287F11 /* Build configuration list for PBXNativeTarget "WindsurfLogs" */;
			buildPhases = (
				E49CAFF727B6E54400287F11 /* Sources */,
				E49CAFF827B6E54400287F11 /* Frameworks */,
				E49CAFF927B6E54400287F11 /* Resources */,
			);
			buildRules = (
			);
			dependencies = (
			);
			name = WindsurfLogs;
			productName = WindsurfLogs;
			productReference = E49CAFFB27B6E54400287F11 /* WindsurfLogs.app */;
			productType = "com.apple.product-type.application";
		};
/* End PBXNativeTarget section */

/* Begin PBXProject section */
		E49CAFF327B6E54400287F11 /* Project object */ = {
			isa = PBXProject;
			attributes = {
				BuildIndependentTargetsInParallel = 1;
				LastSwiftUpdateCheck = 1320;
				LastUpgradeCheck = 1320;
				TargetAttributes = {
					E49CAFFA27B6E54400287F11 = {
						CreatedOnToolsVersion = 13.2.1;
					};
				};
			};
			buildConfigurationList = E49CAFF627B6E54400287F11 /* Build configuration list for PBXProject "WindsurfLogs" */;
			compatibilityVersion = "Xcode 13.0";
			developmentRegion = en;
			hasScannedForEncodings = 0;
			knownRegions = (
				en,
				Base,
			);
			mainGroup = E49CAFF227B6E54400287F11;
			productRefGroup = E49CAFFC27B6E54400287F11 /* Products */;
			projectDirPath = "";
			projectRoot = "";
			targets = (
				E49CAFFA27B6E54400287F11 /* WindsurfLogs */,
			);
		};
/* End PBXProject section */

/* Begin PBXResourcesBuildPhase section */
		E49CAFF927B6E54400287F11 /* Resources */ = {
			isa = PBXResourcesBuildPhase;
			buildActionMask = 2147483647;
			files = (
				E49CB00627B6E54400287F11 /* Preview Assets.xcassets in Resources */,
				E49CB00327B6E54400287F11 /* Assets.xcassets in Resources */,
			);
			runOnlyForDeploymentPostprocessing = 0;
		};
/* End PBXResourcesBuildPhase section */

/* Begin PBXSourcesBuildPhase section */
		E49CAFF727B6E54400287F11 /* Sources */ = {
			isa = PBXSourcesBuildPhase;
			buildActionMask = 2147483647;
			files = (
				E49CB01827B6EE5C00287F11 /* MiniMapView.swift in Sources */,
				E49CB00F27B6E73A00287F11 /* TrackRowView.swift in Sources */,
				E49CB00127B6E54400287F11 /* ContentView.swift in Sources */,
				E4F0A84927BBA578006C9F52 /* UIMapView.swift in Sources */,
				E49CAFFF27B6E54400287F11 /* WindsurfLogsApp.swift in Sources */,
				E41327AC27BA4B5D001993E9 /* TrackMapView.swift in Sources */,
				E41327AE27BA4F8D001993E9 /* TrackStore.swift in Sources */,
				E4F0A84D27BBDEB2006C9F52 /* SidebarNavigationView.swift in Sources */,
				E41327B427BA5C03001993E9 /* TracksListView.swift in Sources */,
				E41327B627BA61B6001993E9 /* TabNavigationView.swift in Sources */,
				E49CB01527B6EBD000287F11 /* Speed.swift in Sources */,
				E49CB01327B6E99C00287F11 /* SampleData.swift in Sources */,
				E49CB01127B6E8EE00287F11 /* Track.swift in Sources */,
				E41327B227BA551E001993E9 /* SBPProcessing.swift in Sources */,
				E41327B827BA7026001993E9 /* TrackProcessing.swift in Sources */,
				E4F91A3327BAD74F00FD599A /* MapPinLocation.swift in Sources */,
				E4F91A3527BB9A6600FD599A /* Extensions.swift in Sources */,
				E491350027B9B812007C5FA5 /* TrackDetailsView.swift in Sources */,
				E4F0A84B27BBB415006C9F52 /* TrackMapFullView.swift in Sources */,
				E46FDD8F27BAB64B00ED2B47 /* MapListView.swift in Sources */,
			);
			runOnlyForDeploymentPostprocessing = 0;
		};
/* End PBXSourcesBuildPhase section */

/* Begin XCBuildConfiguration section */
		E49CB00727B6E54400287F11 /* Debug */ = {
			isa = XCBuildConfiguration;
			buildSettings = {
				ALWAYS_SEARCH_USER_PATHS = NO;
				CLANG_ANALYZER_NONNULL = YES;
				CLANG_ANALYZER_NUMBER_OBJECT_CONVERSION = YES_AGGRESSIVE;
				CLANG_CXX_LANGUAGE_STANDARD = "gnu++17";
				CLANG_CXX_LIBRARY = "libc++";
				CLANG_ENABLE_MODULES = YES;
				CLANG_ENABLE_OBJC_ARC = YES;
				CLANG_ENABLE_OBJC_WEAK = YES;
				CLANG_WARN_BLOCK_CAPTURE_AUTORELEASING = YES;
				CLANG_WARN_BOOL_CONVERSION = YES;
				CLANG_WARN_COMMA = YES;
				CLANG_WARN_CONSTANT_CONVERSION = YES;
				CLANG_WARN_DEPRECATED_OBJC_IMPLEMENTATIONS = YES;
				CLANG_WARN_DIRECT_OBJC_ISA_USAGE = YES_ERROR;
				CLANG_WARN_DOCUMENTATION_COMMENTS = YES;
				CLANG_WARN_EMPTY_BODY = YES;
				CLANG_WARN_ENUM_CONVERSION = YES;
				CLANG_WARN_INFINITE_RECURSION = YES;
				CLANG_WARN_INT_CONVERSION = YES;
				CLANG_WARN_NON_LITERAL_NULL_CONVERSION = YES;
				CLANG_WARN_OBJC_IMPLICIT_RETAIN_SELF = YES;
				CLANG_WARN_OBJC_LITERAL_CONVERSION = YES;
				CLANG_WARN_OBJC_ROOT_CLASS = YES_ERROR;
				CLANG_WARN_QUOTED_INCLUDE_IN_FRAMEWORK_HEADER = YES;
				CLANG_WARN_RANGE_LOOP_ANALYSIS = YES;
				CLANG_WARN_STRICT_PROTOTYPES = YES;
				CLANG_WARN_SUSPICIOUS_MOVE = YES;
				CLANG_WARN_UNGUARDED_AVAILABILITY = YES_AGGRESSIVE;
				CLANG_WARN_UNREACHABLE_CODE = YES;
				CLANG_WARN__DUPLICATE_METHOD_MATCH = YES;
				COPY_PHASE_STRIP = NO;
				DEBUG_INFORMATION_FORMAT = dwarf;
				ENABLE_STRICT_OBJC_MSGSEND = YES;
				ENABLE_TESTABILITY = YES;
				GCC_C_LANGUAGE_STANDARD = gnu11;
				GCC_DYNAMIC_NO_PIC = NO;
				GCC_NO_COMMON_BLOCKS = YES;
				GCC_OPTIMIZATION_LEVEL = 0;
				GCC_PREPROCESSOR_DEFINITIONS = (
					"DEBUG=1",
					"$(inherited)",
				);
				GCC_WARN_64_TO_32_BIT_CONVERSION = YES;
				GCC_WARN_ABOUT_RETURN_TYPE = YES_ERROR;
				GCC_WARN_UNDECLARED_SELECTOR = YES;
				GCC_WARN_UNINITIALIZED_AUTOS = YES_AGGRESSIVE;
				GCC_WARN_UNUSED_FUNCTION = YES;
				GCC_WARN_UNUSED_VARIABLE = YES;
				IPHONEOS_DEPLOYMENT_TARGET = 15.2;
				MTL_ENABLE_DEBUG_INFO = INCLUDE_SOURCE;
				MTL_FAST_MATH = YES;
				ONLY_ACTIVE_ARCH = YES;
				SDKROOT = iphoneos;
				SWIFT_ACTIVE_COMPILATION_CONDITIONS = DEBUG;
				SWIFT_OPTIMIZATION_LEVEL = "-Onone";
			};
			name = Debug;
		};
		E49CB00827B6E54400287F11 /* Release */ = {
			isa = XCBuildConfiguration;
			buildSettings = {
				ALWAYS_SEARCH_USER_PATHS = NO;
				CLANG_ANALYZER_NONNULL = YES;
				CLANG_ANALYZER_NUMBER_OBJECT_CONVERSION = YES_AGGRESSIVE;
				CLANG_CXX_LANGUAGE_STANDARD = "gnu++17";
				CLANG_CXX_LIBRARY = "libc++";
				CLANG_ENABLE_MODULES = YES;
				CLANG_ENABLE_OBJC_ARC = YES;
				CLANG_ENABLE_OBJC_WEAK = YES;
				CLANG_WARN_BLOCK_CAPTURE_AUTORELEASING = YES;
				CLANG_WARN_BOOL_CONVERSION = YES;
				CLANG_WARN_COMMA = YES;
				CLANG_WARN_CONSTANT_CONVERSION = YES;
				CLANG_WARN_DEPRECATED_OBJC_IMPLEMENTATIONS = YES;
				CLANG_WARN_DIRECT_OBJC_ISA_USAGE = YES_ERROR;
				CLANG_WARN_DOCUMENTATION_COMMENTS = YES;
				CLANG_WARN_EMPTY_BODY = YES;
				CLANG_WARN_ENUM_CONVERSION = YES;
				CLANG_WARN_INFINITE_RECURSION = YES;
				CLANG_WARN_INT_CONVERSION = YES;
				CLANG_WARN_NON_LITERAL_NULL_CONVERSION = YES;
				CLANG_WARN_OBJC_IMPLICIT_RETAIN_SELF = YES;
				CLANG_WARN_OBJC_LITERAL_CONVERSION = YES;
				CLANG_WARN_OBJC_ROOT_CLASS = YES_ERROR;
				CLANG_WARN_QUOTED_INCLUDE_IN_FRAMEWORK_HEADER = YES;
				CLANG_WARN_RANGE_LOOP_ANALYSIS = YES;
				CLANG_WARN_STRICT_PROTOTYPES = YES;
				CLANG_WARN_SUSPICIOUS_MOVE = YES;
				CLANG_WARN_UNGUARDED_AVAILABILITY = YES_AGGRESSIVE;
				CLANG_WARN_UNREACHABLE_CODE = YES;
				CLANG_WARN__DUPLICATE_METHOD_MATCH = YES;
				COPY_PHASE_STRIP = NO;
				DEBUG_INFORMATION_FORMAT = "dwarf-with-dsym";
				ENABLE_NS_ASSERTIONS = NO;
				ENABLE_STRICT_OBJC_MSGSEND = YES;
				GCC_C_LANGUAGE_STANDARD = gnu11;
				GCC_NO_COMMON_BLOCKS = YES;
				GCC_WARN_64_TO_32_BIT_CONVERSION = YES;
				GCC_WARN_ABOUT_RETURN_TYPE = YES_ERROR;
				GCC_WARN_UNDECLARED_SELECTOR = YES;
				GCC_WARN_UNINITIALIZED_AUTOS = YES_AGGRESSIVE;
				GCC_WARN_UNUSED_FUNCTION = YES;
				GCC_WARN_UNUSED_VARIABLE = YES;
				IPHONEOS_DEPLOYMENT_TARGET = 15.2;
				MTL_ENABLE_DEBUG_INFO = NO;
				MTL_FAST_MATH = YES;
				SDKROOT = iphoneos;
				SWIFT_COMPILATION_MODE = wholemodule;
				SWIFT_OPTIMIZATION_LEVEL = "-O";
				VALIDATE_PRODUCT = YES;
			};
			name = Release;
		};
		E49CB00A27B6E54400287F11 /* Debug */ = {
			isa = XCBuildConfiguration;
			buildSettings = {
				ASSETCATALOG_COMPILER_APPICON_NAME = AppIcon;
				ASSETCATALOG_COMPILER_GLOBAL_ACCENT_COLOR_NAME = AccentColor;
				CODE_SIGN_ENTITLEMENTS = WindsurfLogs/WindsurfLogs.entitlements;
				CODE_SIGN_STYLE = Automatic;
				CURRENT_PROJECT_VERSION = 1;
				DEVELOPMENT_ASSET_PATHS = "\"WindsurfLogs/Preview Content\"";
				DEVELOPMENT_TEAM = VF2ATW79MD;
				ENABLE_PREVIEWS = YES;
				GENERATE_INFOPLIST_FILE = YES;
				INFOPLIST_FILE = WindsurfLogs/Info.plist;
				INFOPLIST_KEY_LSSupportsOpeningDocumentsInPlace = YES;
				INFOPLIST_KEY_UIApplicationSceneManifest_Generation = YES;
				INFOPLIST_KEY_UIApplicationSupportsIndirectInputEvents = YES;
				INFOPLIST_KEY_UILaunchScreen_Generation = YES;
				INFOPLIST_KEY_UISupportedInterfaceOrientations_iPad = "UIInterfaceOrientationPortrait UIInterfaceOrientationPortraitUpsideDown UIInterfaceOrientationLandscapeLeft UIInterfaceOrientationLandscapeRight";
				INFOPLIST_KEY_UISupportedInterfaceOrientations_iPhone = "UIInterfaceOrientationPortrait UIInterfaceOrientationLandscapeLeft UIInterfaceOrientationLandscapeRight";
				LD_RUNPATH_SEARCH_PATHS = (
					"$(inherited)",
					"@executable_path/Frameworks",
				);
				MARKETING_VERSION = 1.0;
				PRODUCT_BUNDLE_IDENTIFIER = com.paulfly.WindsurfLogs;
				PRODUCT_NAME = "$(TARGET_NAME)";
				SUPPORTS_MACCATALYST = YES;
				SUPPORTS_MAC_DESIGNED_FOR_IPHONE_IPAD = NO;
				SWIFT_EMIT_LOC_STRINGS = YES;
				SWIFT_VERSION = 5.0;
				TARGETED_DEVICE_FAMILY = "1,2,6";
			};
			name = Debug;
		};
		E49CB00B27B6E54400287F11 /* Release */ = {
			isa = XCBuildConfiguration;
			buildSettings = {
				ASSETCATALOG_COMPILER_APPICON_NAME = AppIcon;
				ASSETCATALOG_COMPILER_GLOBAL_ACCENT_COLOR_NAME = AccentColor;
				CODE_SIGN_ENTITLEMENTS = WindsurfLogs/WindsurfLogs.entitlements;
				CODE_SIGN_STYLE = Automatic;
				CURRENT_PROJECT_VERSION = 1;
				DEVELOPMENT_ASSET_PATHS = "\"WindsurfLogs/Preview Content\"";
				DEVELOPMENT_TEAM = VF2ATW79MD;
				ENABLE_PREVIEWS = YES;
				GENERATE_INFOPLIST_FILE = YES;
				INFOPLIST_FILE = WindsurfLogs/Info.plist;
				INFOPLIST_KEY_LSSupportsOpeningDocumentsInPlace = YES;
				INFOPLIST_KEY_UIApplicationSceneManifest_Generation = YES;
				INFOPLIST_KEY_UIApplicationSupportsIndirectInputEvents = YES;
				INFOPLIST_KEY_UILaunchScreen_Generation = YES;
				INFOPLIST_KEY_UISupportedInterfaceOrientations_iPad = "UIInterfaceOrientationPortrait UIInterfaceOrientationPortraitUpsideDown UIInterfaceOrientationLandscapeLeft UIInterfaceOrientationLandscapeRight";
				INFOPLIST_KEY_UISupportedInterfaceOrientations_iPhone = "UIInterfaceOrientationPortrait UIInterfaceOrientationLandscapeLeft UIInterfaceOrientationLandscapeRight";
				LD_RUNPATH_SEARCH_PATHS = (
					"$(inherited)",
					"@executable_path/Frameworks",
				);
				MARKETING_VERSION = 1.0;
				PRODUCT_BUNDLE_IDENTIFIER = com.paulfly.WindsurfLogs;
				PRODUCT_NAME = "$(TARGET_NAME)";
				SUPPORTS_MACCATALYST = YES;
				SUPPORTS_MAC_DESIGNED_FOR_IPHONE_IPAD = NO;
				SWIFT_EMIT_LOC_STRINGS = YES;
				SWIFT_VERSION = 5.0;
				TARGETED_DEVICE_FAMILY = "1,2,6";
			};
			name = Release;
		};
/* End XCBuildConfiguration section */

/* Begin XCConfigurationList section */
		E49CAFF627B6E54400287F11 /* Build configuration list for PBXProject "WindsurfLogs" */ = {
			isa = XCConfigurationList;
			buildConfigurations = (
				E49CB00727B6E54400287F11 /* Debug */,
				E49CB00827B6E54400287F11 /* Release */,
			);
			defaultConfigurationIsVisible = 0;
			defaultConfigurationName = Release;
		};
		E49CB00927B6E54400287F11 /* Build configuration list for PBXNativeTarget "WindsurfLogs" */ = {
			isa = XCConfigurationList;
			buildConfigurations = (
				E49CB00A27B6E54400287F11 /* Debug */,
				E49CB00B27B6E54400287F11 /* Release */,
			);
			defaultConfigurationIsVisible = 0;
			defaultConfigurationName = Release;
		};
/* End XCConfigurationList section */
	};
	rootObject = E49CAFF327B6E54400287F11 /* Project object */;
}
